// !$*UTF8*$!
{
	archiveVersion = 1;
	classes = {
	};
	objectVersion = 56;
	objects = {

/* Begin PBXBuildFile section */
		12922C842B02F17E00B72D76 /* CaptureImageSampler.swift in Sources */ = {isa = PBXBuildFile; fileRef = 12922C832B02F17E00B72D76 /* CaptureImageSampler.swift */; };
		12922C862B03287000B72D76 /* PixelProcessingShader.metal in Sources */ = {isa = PBXBuildFile; fileRef = 12922C852B03287000B72D76 /* PixelProcessingShader.metal */; };
		12D26A522B02C98800F25169 /* AppDelegate.swift in Sources */ = {isa = PBXBuildFile; fileRef = 12D26A512B02C98800F25169 /* AppDelegate.swift */; };
		12D26A542B02C98800F25169 /* ContentView.swift in Sources */ = {isa = PBXBuildFile; fileRef = 12D26A532B02C98800F25169 /* ContentView.swift */; };
		12D26A562B02C98A00F25169 /* Assets.xcassets in Resources */ = {isa = PBXBuildFile; fileRef = 12D26A552B02C98A00F25169 /* Assets.xcassets */; };
		12D26A592B02C98A00F25169 /* Preview Assets.xcassets in Resources */ = {isa = PBXBuildFile; fileRef = 12D26A582B02C98A00F25169 /* Preview Assets.xcassets */; };
		12D26A632B02C98A00F25169 /* ARLiveVideoTests.swift in Sources */ = {isa = PBXBuildFile; fileRef = 12D26A622B02C98A00F25169 /* ARLiveVideoTests.swift */; };
		12D26A6D2B02C98A00F25169 /* ARLiveVideoUITests.swift in Sources */ = {isa = PBXBuildFile; fileRef = 12D26A6C2B02C98A00F25169 /* ARLiveVideoUITests.swift */; };
		12D26A6F2B02C98A00F25169 /* ARLiveVideoUITestsLaunchTests.swift in Sources */ = {isa = PBXBuildFile; fileRef = 12D26A6E2B02C98A00F25169 /* ARLiveVideoUITestsLaunchTests.swift */; };
/* End PBXBuildFile section */

/* Begin PBXContainerItemProxy section */
		12D26A5F2B02C98A00F25169 /* PBXContainerItemProxy */ = {
			isa = PBXContainerItemProxy;
			containerPortal = 12D26A462B02C98800F25169 /* Project object */;
			proxyType = 1;
			remoteGlobalIDString = 12D26A4D2B02C98800F25169;
			remoteInfo = ARLiveVideo;
		};
		12D26A692B02C98A00F25169 /* PBXContainerItemProxy */ = {
			isa = PBXContainerItemProxy;
			containerPortal = 12D26A462B02C98800F25169 /* Project object */;
			proxyType = 1;
			remoteGlobalIDString = 12D26A4D2B02C98800F25169;
			remoteInfo = ARLiveVideo;
		};
/* End PBXContainerItemProxy section */

/* Begin PBXFileReference section */
		12922C832B02F17E00B72D76 /* CaptureImageSampler.swift */ = {isa = PBXFileReference; lastKnownFileType = sourcecode.swift; path = CaptureImageSampler.swift; sourceTree = "<group>"; };
		12922C852B03287000B72D76 /* PixelProcessingShader.metal */ = {isa = PBXFileReference; lastKnownFileType = sourcecode.metal; path = PixelProcessingShader.metal; sourceTree = "<group>"; };
		12D26A4E2B02C98800F25169 /* ARLiveVideo.app */ = {isa = PBXFileReference; explicitFileType = wrapper.application; includeInIndex = 0; path = ARLiveVideo.app; sourceTree = BUILT_PRODUCTS_DIR; };
		12D26A512B02C98800F25169 /* AppDelegate.swift */ = {isa = PBXFileReference; lastKnownFileType = sourcecode.swift; path = AppDelegate.swift; sourceTree = "<group>"; };
		12D26A532B02C98800F25169 /* ContentView.swift */ = {isa = PBXFileReference; lastKnownFileType = sourcecode.swift; path = ContentView.swift; sourceTree = "<group>"; };
		12D26A552B02C98A00F25169 /* Assets.xcassets */ = {isa = PBXFileReference; lastKnownFileType = folder.assetcatalog; path = Assets.xcassets; sourceTree = "<group>"; };
		12D26A582B02C98A00F25169 /* Preview Assets.xcassets */ = {isa = PBXFileReference; lastKnownFileType = folder.assetcatalog; path = "Preview Assets.xcassets"; sourceTree = "<group>"; };
		12D26A5E2B02C98A00F25169 /* ARLiveVideoTests.xctest */ = {isa = PBXFileReference; explicitFileType = wrapper.cfbundle; includeInIndex = 0; path = ARLiveVideoTests.xctest; sourceTree = BUILT_PRODUCTS_DIR; };
		12D26A622B02C98A00F25169 /* ARLiveVideoTests.swift */ = {isa = PBXFileReference; lastKnownFileType = sourcecode.swift; path = ARLiveVideoTests.swift; sourceTree = "<group>"; };
		12D26A682B02C98A00F25169 /* ARLiveVideoUITests.xctest */ = {isa = PBXFileReference; explicitFileType = wrapper.cfbundle; includeInIndex = 0; path = ARLiveVideoUITests.xctest; sourceTree = BUILT_PRODUCTS_DIR; };
		12D26A6C2B02C98A00F25169 /* ARLiveVideoUITests.swift */ = {isa = PBXFileReference; lastKnownFileType = sourcecode.swift; path = ARLiveVideoUITests.swift; sourceTree = "<group>"; };
		12D26A6E2B02C98A00F25169 /* ARLiveVideoUITestsLaunchTests.swift */ = {isa = PBXFileReference; lastKnownFileType = sourcecode.swift; path = ARLiveVideoUITestsLaunchTests.swift; sourceTree = "<group>"; };
/* End PBXFileReference section */

/* Begin PBXFrameworksBuildPhase section */
		12D26A4B2B02C98800F25169 /* Frameworks */ = {
			isa = PBXFrameworksBuildPhase;
			buildActionMask = 2147483647;
			files = (
			);
			runOnlyForDeploymentPostprocessing = 0;
		};
		12D26A5B2B02C98A00F25169 /* Frameworks */ = {
			isa = PBXFrameworksBuildPhase;
			buildActionMask = 2147483647;
			files = (
			);
			runOnlyForDeploymentPostprocessing = 0;
		};
		12D26A652B02C98A00F25169 /* Frameworks */ = {
			isa = PBXFrameworksBuildPhase;
			buildActionMask = 2147483647;
			files = (
			);
			runOnlyForDeploymentPostprocessing = 0;
		};
/* End PBXFrameworksBuildPhase section */

/* Begin PBXGroup section */
		12D26A452B02C98800F25169 = {
			isa = PBXGroup;
			children = (
				12D26A502B02C98800F25169 /* ARLiveVideo */,
				12D26A612B02C98A00F25169 /* ARLiveVideoTests */,
				12D26A6B2B02C98A00F25169 /* ARLiveVideoUITests */,
				12D26A4F2B02C98800F25169 /* Products */,
			);
			sourceTree = "<group>";
		};
		12D26A4F2B02C98800F25169 /* Products */ = {
			isa = PBXGroup;
			children = (
				12D26A4E2B02C98800F25169 /* ARLiveVideo.app */,
				12D26A5E2B02C98A00F25169 /* ARLiveVideoTests.xctest */,
				12D26A682B02C98A00F25169 /* ARLiveVideoUITests.xctest */,
			);
			name = Products;
			sourceTree = "<group>";
		};
		12D26A502B02C98800F25169 /* ARLiveVideo */ = {
			isa = PBXGroup;
			children = (
				12D26A512B02C98800F25169 /* AppDelegate.swift */,
				12D26A532B02C98800F25169 /* ContentView.swift */,
				12D26A552B02C98A00F25169 /* Assets.xcassets */,
				12D26A572B02C98A00F25169 /* Preview Content */,
				12922C832B02F17E00B72D76 /* CaptureImageSampler.swift */,
				12922C852B03287000B72D76 /* PixelProcessingShader.metal */,
			);
			path = ARLiveVideo;
			sourceTree = "<group>";
		};
		12D26A572B02C98A00F25169 /* Preview Content */ = {
			isa = PBXGroup;
			children = (
				12D26A582B02C98A00F25169 /* Preview Assets.xcassets */,
			);
			path = "Preview Content";
			sourceTree = "<group>";
		};
		12D26A612B02C98A00F25169 /* ARLiveVideoTests */ = {
			isa = PBXGroup;
			children = (
				12D26A622B02C98A00F25169 /* ARLiveVideoTests.swift */,
			);
			path = ARLiveVideoTests;
			sourceTree = "<group>";
		};
		12D26A6B2B02C98A00F25169 /* ARLiveVideoUITests */ = {
			isa = PBXGroup;
			children = (
				12D26A6C2B02C98A00F25169 /* ARLiveVideoUITests.swift */,
				12D26A6E2B02C98A00F25169 /* ARLiveVideoUITestsLaunchTests.swift */,
			);
			path = ARLiveVideoUITests;
			sourceTree = "<group>";
		};
/* End PBXGroup section */

/* Begin PBXNativeTarget section */
		12D26A4D2B02C98800F25169 /* ARLiveVideo */ = {
			isa = PBXNativeTarget;
			buildConfigurationList = 12D26A722B02C98A00F25169 /* Build configuration list for PBXNativeTarget "ARLiveVideo" */;
			buildPhases = (
				12D26A4A2B02C98800F25169 /* Sources */,
				12D26A4B2B02C98800F25169 /* Frameworks */,
				12D26A4C2B02C98800F25169 /* Resources */,
			);
			buildRules = (
			);
			dependencies = (
			);
			name = ARLiveVideo;
			productName = ARLiveVideo;
			productReference = 12D26A4E2B02C98800F25169 /* ARLiveVideo.app */;
			productType = "com.apple.product-type.application";
		};
		12D26A5D2B02C98A00F25169 /* ARLiveVideoTests */ = {
			isa = PBXNativeTarget;
			buildConfigurationList = 12D26A752B02C98A00F25169 /* Build configuration list for PBXNativeTarget "ARLiveVideoTests" */;
			buildPhases = (
				12D26A5A2B02C98A00F25169 /* Sources */,
				12D26A5B2B02C98A00F25169 /* Frameworks */,
				12D26A5C2B02C98A00F25169 /* Resources */,
			);
			buildRules = (
			);
			dependencies = (
				12D26A602B02C98A00F25169 /* PBXTargetDependency */,
			);
			name = ARLiveVideoTests;
			productName = ARLiveVideoTests;
			productReference = 12D26A5E2B02C98A00F25169 /* ARLiveVideoTests.xctest */;
			productType = "com.apple.product-type.bundle.unit-test";
		};
		12D26A672B02C98A00F25169 /* ARLiveVideoUITests */ = {
			isa = PBXNativeTarget;
			buildConfigurationList = 12D26A782B02C98A00F25169 /* Build configuration list for PBXNativeTarget "ARLiveVideoUITests" */;
			buildPhases = (
				12D26A642B02C98A00F25169 /* Sources */,
				12D26A652B02C98A00F25169 /* Frameworks */,
				12D26A662B02C98A00F25169 /* Resources */,
			);
			buildRules = (
			);
			dependencies = (
				12D26A6A2B02C98A00F25169 /* PBXTargetDependency */,
			);
			name = ARLiveVideoUITests;
			productName = ARLiveVideoUITests;
			productReference = 12D26A682B02C98A00F25169 /* ARLiveVideoUITests.xctest */;
			productType = "com.apple.product-type.bundle.ui-testing";
		};
/* End PBXNativeTarget section */

/* Begin PBXProject section */
		12D26A462B02C98800F25169 /* Project object */ = {
			isa = PBXProject;
			attributes = {
				BuildIndependentTargetsInParallel = 1;
				LastSwiftUpdateCheck = 1500;
				LastUpgradeCheck = 1500;
				TargetAttributes = {
					12D26A4D2B02C98800F25169 = {
						CreatedOnToolsVersion = 15.0.1;
					};
					12D26A5D2B02C98A00F25169 = {
						CreatedOnToolsVersion = 15.0.1;
						TestTargetID = 12D26A4D2B02C98800F25169;
					};
					12D26A672B02C98A00F25169 = {
						CreatedOnToolsVersion = 15.0.1;
						TestTargetID = 12D26A4D2B02C98800F25169;
					};
				};
			};
			buildConfigurationList = 12D26A492B02C98800F25169 /* Build configuration list for PBXProject "ARLiveVideo" */;
			compatibilityVersion = "Xcode 14.0";
			developmentRegion = en;
			hasScannedForEncodings = 0;
			knownRegions = (
				en,
				Base,
			);
			mainGroup = 12D26A452B02C98800F25169;
			productRefGroup = 12D26A4F2B02C98800F25169 /* Products */;
			projectDirPath = "";
			projectRoot = "";
			targets = (
				12D26A4D2B02C98800F25169 /* ARLiveVideo */,
				12D26A5D2B02C98A00F25169 /* ARLiveVideoTests */,
				12D26A672B02C98A00F25169 /* ARLiveVideoUITests */,
			);
		};
/* End PBXProject section */

/* Begin PBXResourcesBuildPhase section */
		12D26A4C2B02C98800F25169 /* Resources */ = {
			isa = PBXResourcesBuildPhase;
			buildActionMask = 2147483647;
			files = (
				12D26A592B02C98A00F25169 /* Preview Assets.xcassets in Resources */,
				12D26A562B02C98A00F25169 /* Assets.xcassets in Resources */,
			);
			runOnlyForDeploymentPostprocessing = 0;
		};
		12D26A5C2B02C98A00F25169 /* Resources */ = {
			isa = PBXResourcesBuildPhase;
			buildActionMask = 2147483647;
			files = (
			);
			runOnlyForDeploymentPostprocessing = 0;
		};
		12D26A662B02C98A00F25169 /* Resources */ = {
			isa = PBXResourcesBuildPhase;
			buildActionMask = 2147483647;
			files = (
			);
			runOnlyForDeploymentPostprocessing = 0;
		};
/* End PBXResourcesBuildPhase section */

/* Begin PBXSourcesBuildPhase section */
		12D26A4A2B02C98800F25169 /* Sources */ = {
			isa = PBXSourcesBuildPhase;
			buildActionMask = 2147483647;
			files = (
				12D26A542B02C98800F25169 /* ContentView.swift in Sources */,
				12922C842B02F17E00B72D76 /* CaptureImageSampler.swift in Sources */,
				12922C862B03287000B72D76 /* PixelProcessingShader.metal in Sources */,
				12D26A522B02C98800F25169 /* AppDelegate.swift in Sources */,
			);
			runOnlyForDeploymentPostprocessing = 0;
		};
		12D26A5A2B02C98A00F25169 /* Sources */ = {
			isa = PBXSourcesBuildPhase;
			buildActionMask = 2147483647;
			files = (
				12D26A632B02C98A00F25169 /* ARLiveVideoTests.swift in Sources */,
			);
			runOnlyForDeploymentPostprocessing = 0;
		};
		12D26A642B02C98A00F25169 /* Sources */ = {
			isa = PBXSourcesBuildPhase;
			buildActionMask = 2147483647;
			files = (
				12D26A6D2B02C98A00F25169 /* ARLiveVideoUITests.swift in Sources */,
				12D26A6F2B02C98A00F25169 /* ARLiveVideoUITestsLaunchTests.swift in Sources */,
			);
			runOnlyForDeploymentPostprocessing = 0;
		};
/* End PBXSourcesBuildPhase section */

/* Begin PBXTargetDependency section */
		12D26A602B02C98A00F25169 /* PBXTargetDependency */ = {
			isa = PBXTargetDependency;
			target = 12D26A4D2B02C98800F25169 /* ARLiveVideo */;
			targetProxy = 12D26A5F2B02C98A00F25169 /* PBXContainerItemProxy */;
		};
		12D26A6A2B02C98A00F25169 /* PBXTargetDependency */ = {
			isa = PBXTargetDependency;
			target = 12D26A4D2B02C98800F25169 /* ARLiveVideo */;
			targetProxy = 12D26A692B02C98A00F25169 /* PBXContainerItemProxy */;
		};
/* End PBXTargetDependency section */

/* Begin XCBuildConfiguration section */
		12D26A702B02C98A00F25169 /* Debug */ = {
			isa = XCBuildConfiguration;
			buildSettings = {
				ALWAYS_SEARCH_USER_PATHS = NO;
				ASSETCATALOG_COMPILER_GENERATE_SWIFT_ASSET_SYMBOL_EXTENSIONS = YES;
				CLANG_ANALYZER_NONNULL = YES;
				CLANG_ANALYZER_NUMBER_OBJECT_CONVERSION = YES_AGGRESSIVE;
				CLANG_CXX_LANGUAGE_STANDARD = "gnu++20";
				CLANG_ENABLE_MODULES = YES;
				CLANG_ENABLE_OBJC_ARC = YES;
				CLANG_ENABLE_OBJC_WEAK = YES;
				CLANG_WARN_BLOCK_CAPTURE_AUTORELEASING = YES;
				CLANG_WARN_BOOL_CONVERSION = YES;
				CLANG_WARN_COMMA = YES;
				CLANG_WARN_CONSTANT_CONVERSION = YES;
				CLANG_WARN_DEPRECATED_OBJC_IMPLEMENTATIONS = YES;
				CLANG_WARN_DIRECT_OBJC_ISA_USAGE = YES_ERROR;
				CLANG_WARN_DOCUMENTATION_COMMENTS = YES;
				CLANG_WARN_EMPTY_BODY = YES;
				CLANG_WARN_ENUM_CONVERSION = YES;
				CLANG_WARN_INFINITE_RECURSION = YES;
				CLANG_WARN_INT_CONVERSION = YES;
				CLANG_WARN_NON_LITERAL_NULL_CONVERSION = YES;
				CLANG_WARN_OBJC_IMPLICIT_RETAIN_SELF = YES;
				CLANG_WARN_OBJC_LITERAL_CONVERSION = YES;
				CLANG_WARN_OBJC_ROOT_CLASS = YES_ERROR;
				CLANG_WARN_QUOTED_INCLUDE_IN_FRAMEWORK_HEADER = YES;
				CLANG_WARN_RANGE_LOOP_ANALYSIS = YES;
				CLANG_WARN_STRICT_PROTOTYPES = YES;
				CLANG_WARN_SUSPICIOUS_MOVE = YES;
				CLANG_WARN_UNGUARDED_AVAILABILITY = YES_AGGRESSIVE;
				CLANG_WARN_UNREACHABLE_CODE = YES;
				CLANG_WARN__DUPLICATE_METHOD_MATCH = YES;
				COPY_PHASE_STRIP = NO;
				DEBUG_INFORMATION_FORMAT = dwarf;
				ENABLE_STRICT_OBJC_MSGSEND = YES;
				ENABLE_TESTABILITY = YES;
				ENABLE_USER_SCRIPT_SANDBOXING = YES;
				GCC_C_LANGUAGE_STANDARD = gnu17;
				GCC_DYNAMIC_NO_PIC = NO;
				GCC_NO_COMMON_BLOCKS = YES;
				GCC_OPTIMIZATION_LEVEL = 0;
				GCC_PREPROCESSOR_DEFINITIONS = (
					"DEBUG=1",
					"$(inherited)",
				);
				GCC_WARN_64_TO_32_BIT_CONVERSION = YES;
				GCC_WARN_ABOUT_RETURN_TYPE = YES_ERROR;
				GCC_WARN_UNDECLARED_SELECTOR = YES;
				GCC_WARN_UNINITIALIZED_AUTOS = YES_AGGRESSIVE;
				GCC_WARN_UNUSED_FUNCTION = YES;
				GCC_WARN_UNUSED_VARIABLE = YES;
				IPHONEOS_DEPLOYMENT_TARGET = 17.0;
				LOCALIZATION_PREFERS_STRING_CATALOGS = YES;
				MTL_ENABLE_DEBUG_INFO = INCLUDE_SOURCE;
				MTL_FAST_MATH = YES;
				ONLY_ACTIVE_ARCH = YES;
				SDKROOT = iphoneos;
				SWIFT_ACTIVE_COMPILATION_CONDITIONS = "DEBUG $(inherited)";
				SWIFT_OPTIMIZATION_LEVEL = "-Onone";
			};
			name = Debug;
		};
		12D26A712B02C98A00F25169 /* Release */ = {
			isa = XCBuildConfiguration;
			buildSettings = {
				ALWAYS_SEARCH_USER_PATHS = NO;
				ASSETCATALOG_COMPILER_GENERATE_SWIFT_ASSET_SYMBOL_EXTENSIONS = YES;
				CLANG_ANALYZER_NONNULL = YES;
				CLANG_ANALYZER_NUMBER_OBJECT_CONVERSION = YES_AGGRESSIVE;
				CLANG_CXX_LANGUAGE_STANDARD = "gnu++20";
				CLANG_ENABLE_MODULES = YES;
				CLANG_ENABLE_OBJC_ARC = YES;
				CLANG_ENABLE_OBJC_WEAK = YES;
				CLANG_WARN_BLOCK_CAPTURE_AUTORELEASING = YES;
				CLANG_WARN_BOOL_CONVERSION = YES;
				CLANG_WARN_COMMA = YES;
				CLANG_WARN_CONSTANT_CONVERSION = YES;
				CLANG_WARN_DEPRECATED_OBJC_IMPLEMENTATIONS = YES;
				CLANG_WARN_DIRECT_OBJC_ISA_USAGE = YES_ERROR;
				CLANG_WARN_DOCUMENTATION_COMMENTS = YES;
				CLANG_WARN_EMPTY_BODY = YES;
				CLANG_WARN_ENUM_CONVERSION = YES;
				CLANG_WARN_INFINITE_RECURSION = YES;
				CLANG_WARN_INT_CONVERSION = YES;
				CLANG_WARN_NON_LITERAL_NULL_CONVERSION = YES;
				CLANG_WARN_OBJC_IMPLICIT_RETAIN_SELF = YES;
				CLANG_WARN_OBJC_LITERAL_CONVERSION = YES;
				CLANG_WARN_OBJC_ROOT_CLASS = YES_ERROR;
				CLANG_WARN_QUOTED_INCLUDE_IN_FRAMEWORK_HEADER = YES;
				CLANG_WARN_RANGE_LOOP_ANALYSIS = YES;
				CLANG_WARN_STRICT_PROTOTYPES = YES;
				CLANG_WARN_SUSPICIOUS_MOVE = YES;
				CLANG_WARN_UNGUARDED_AVAILABILITY = YES_AGGRESSIVE;
				CLANG_WARN_UNREACHABLE_CODE = YES;
				CLANG_WARN__DUPLICATE_METHOD_MATCH = YES;
				COPY_PHASE_STRIP = NO;
				DEBUG_INFORMATION_FORMAT = "dwarf-with-dsym";
				ENABLE_NS_ASSERTIONS = NO;
				ENABLE_STRICT_OBJC_MSGSEND = YES;
				ENABLE_USER_SCRIPT_SANDBOXING = YES;
				GCC_C_LANGUAGE_STANDARD = gnu17;
				GCC_NO_COMMON_BLOCKS = YES;
				GCC_WARN_64_TO_32_BIT_CONVERSION = YES;
				GCC_WARN_ABOUT_RETURN_TYPE = YES_ERROR;
				GCC_WARN_UNDECLARED_SELECTOR = YES;
				GCC_WARN_UNINITIALIZED_AUTOS = YES_AGGRESSIVE;
				GCC_WARN_UNUSED_FUNCTION = YES;
				GCC_WARN_UNUSED_VARIABLE = YES;
				IPHONEOS_DEPLOYMENT_TARGET = 17.0;
				LOCALIZATION_PREFERS_STRING_CATALOGS = YES;
				MTL_ENABLE_DEBUG_INFO = NO;
				MTL_FAST_MATH = YES;
				SDKROOT = iphoneos;
				SWIFT_COMPILATION_MODE = wholemodule;
				VALIDATE_PRODUCT = YES;
			};
			name = Release;
		};
		12D26A732B02C98A00F25169 /* Debug */ = {
			isa = XCBuildConfiguration;
			buildSettings = {
				ASSETCATALOG_COMPILER_APPICON_NAME = AppIcon;
				ASSETCATALOG_COMPILER_GLOBAL_ACCENT_COLOR_NAME = AccentColor;
				CODE_SIGN_STYLE = Automatic;
				CURRENT_PROJECT_VERSION = 1;
				DEVELOPMENT_ASSET_PATHS = "\"ARLiveVideo/Preview Content\"";
				DEVELOPMENT_TEAM = S9VSB6SQAS;
				ENABLE_PREVIEWS = YES;
				GENERATE_INFOPLIST_FILE = YES;
				INFOPLIST_KEY_NSCameraUsageDescription = "This is a test video capture app";
				INFOPLIST_KEY_UIApplicationSupportsIndirectInputEvents = YES;
				INFOPLIST_KEY_UILaunchScreen_Generation = YES;
				INFOPLIST_KEY_UIRequiredDeviceCapabilities = arkit;
				INFOPLIST_KEY_UIStatusBarHidden = YES;
				INFOPLIST_KEY_UISupportedInterfaceOrientations_iPad = "UIInterfaceOrientationPortrait UIInterfaceOrientationPortraitUpsideDown UIInterfaceOrientationLandscapeLeft UIInterfaceOrientationLandscapeRight";
				INFOPLIST_KEY_UISupportedInterfaceOrientations_iPhone = "UIInterfaceOrientationPortrait UIInterfaceOrientationLandscapeLeft UIInterfaceOrientationLandscapeRight";
				IPHONEOS_DEPLOYMENT_TARGET = 16.6;
				LD_RUNPATH_SEARCH_PATHS = (
					"$(inherited)",
					"@executable_path/Frameworks",
				);
				MARKETING_VERSION = 1.0;
				PRODUCT_BUNDLE_IDENTIFIER = com.corduro.network.ARLiveVideo;
				PRODUCT_NAME = "$(TARGET_NAME)";
				SWIFT_EMIT_LOC_STRINGS = YES;
				SWIFT_VERSION = 5.0;
				TARGETED_DEVICE_FAMILY = "1,2";
			};
			name = Debug;
		};
		12D26A742B02C98A00F25169 /* Release */ = {
			isa = XCBuildConfiguration;
			buildSettings = {
				ASSETCATALOG_COMPILER_APPICON_NAME = AppIcon;
				ASSETCATALOG_COMPILER_GLOBAL_ACCENT_COLOR_NAME = AccentColor;
				CODE_SIGN_STYLE = Automatic;
				CURRENT_PROJECT_VERSION = 1;
				DEVELOPMENT_ASSET_PATHS = "\"ARLiveVideo/Preview Content\"";
				DEVELOPMENT_TEAM = S9VSB6SQAS;
				ENABLE_PREVIEWS = YES;
				GENERATE_INFOPLIST_FILE = YES;
				INFOPLIST_KEY_NSCameraUsageDescription = "This is a test video capture app";
				INFOPLIST_KEY_UIApplicationSupportsIndirectInputEvents = YES;
				INFOPLIST_KEY_UILaunchScreen_Generation = YES;
				INFOPLIST_KEY_UIRequiredDeviceCapabilities = arkit;
				INFOPLIST_KEY_UIStatusBarHidden = YES;
				INFOPLIST_KEY_UISupportedInterfaceOrientations_iPad = "UIInterfaceOrientationPortrait UIInterfaceOrientationPortraitUpsideDown UIInterfaceOrientationLandscapeLeft UIInterfaceOrientationLandscapeRight";
				INFOPLIST_KEY_UISupportedInterfaceOrientations_iPhone = "UIInterfaceOrientationPortrait UIInterfaceOrientationLandscapeLeft UIInterfaceOrientationLandscapeRight";
				IPHONEOS_DEPLOYMENT_TARGET = 16.6;
				LD_RUNPATH_SEARCH_PATHS = (
					"$(inherited)",
					"@executable_path/Frameworks",
				);
				MARKETING_VERSION = 1.0;
				PRODUCT_BUNDLE_IDENTIFIER = com.corduro.network.ARLiveVideo;
				PRODUCT_NAME = "$(TARGET_NAME)";
				SWIFT_EMIT_LOC_STRINGS = YES;
				SWIFT_VERSION = 5.0;
				TARGETED_DEVICE_FAMILY = "1,2";
			};
			name = Release;
		};
		12D26A762B02C98A00F25169 /* Debug */ = {
			isa = XCBuildConfiguration;
			buildSettings = {
				ALWAYS_EMBED_SWIFT_STANDARD_LIBRARIES = YES;
				BUNDLE_LOADER = "$(TEST_HOST)";
				CODE_SIGN_STYLE = Automatic;
				CURRENT_PROJECT_VERSION = 1;
				DEVELOPMENT_TEAM = S9VSB6SQAS;
				GENERATE_INFOPLIST_FILE = YES;
				IPHONEOS_DEPLOYMENT_TARGET = 17.0;
				MARKETING_VERSION = 1.0;
				PRODUCT_BUNDLE_IDENTIFIER = com.corduro.network.ARLiveVideoTests;
				PRODUCT_NAME = "$(TARGET_NAME)";
				SWIFT_EMIT_LOC_STRINGS = NO;
				SWIFT_VERSION = 5.0;
				TARGETED_DEVICE_FAMILY = "1,2";
				TEST_HOST = "$(BUILT_PRODUCTS_DIR)/ARLiveVideo.app/$(BUNDLE_EXECUTABLE_FOLDER_PATH)/ARLiveVideo";
			};
			name = Debug;
		};
		12D26A772B02C98A00F25169 /* Release */ = {
			isa = XCBuildConfiguration;
			buildSettings = {
				ALWAYS_EMBED_SWIFT_STANDARD_LIBRARIES = YES;
				BUNDLE_LOADER = "$(TEST_HOST)";
				CODE_SIGN_STYLE = Automatic;
				CURRENT_PROJECT_VERSION = 1;
				DEVELOPMENT_TEAM = S9VSB6SQAS;
				GENERATE_INFOPLIST_FILE = YES;
				IPHONEOS_DEPLOYMENT_TARGET = 17.0;
				MARKETING_VERSION = 1.0;
				PRODUCT_BUNDLE_IDENTIFIER = com.corduro.network.ARLiveVideoTests;
				PRODUCT_NAME = "$(TARGET_NAME)";
				SWIFT_EMIT_LOC_STRINGS = NO;
				SWIFT_VERSION = 5.0;
				TARGETED_DEVICE_FAMILY = "1,2";
				TEST_HOST = "$(BUILT_PRODUCTS_DIR)/ARLiveVideo.app/$(BUNDLE_EXECUTABLE_FOLDER_PATH)/ARLiveVideo";
			};
			name = Release;
		};
		12D26A792B02C98A00F25169 /* Debug */ = {
			isa = XCBuildConfiguration;
			buildSettings = {
				ALWAYS_EMBED_SWIFT_STANDARD_LIBRARIES = YES;
				CODE_SIGN_STYLE = Automatic;
				CURRENT_PROJECT_VERSION = 1;
				DEVELOPMENT_TEAM = S9VSB6SQAS;
				GENERATE_INFOPLIST_FILE = YES;
				MARKETING_VERSION = 1.0;
				PRODUCT_BUNDLE_IDENTIFIER = com.corduro.network.ARLiveVideoUITests;
				PRODUCT_NAME = "$(TARGET_NAME)";
				SWIFT_EMIT_LOC_STRINGS = NO;
				SWIFT_VERSION = 5.0;
				TARGETED_DEVICE_FAMILY = "1,2";
				TEST_TARGET_NAME = ARLiveVideo;
			};
			name = Debug;
		};
		12D26A7A2B02C98A00F25169 /* Release */ = {
			isa = XCBuildConfiguration;
			buildSettings = {
				ALWAYS_EMBED_SWIFT_STANDARD_LIBRARIES = YES;
				CODE_SIGN_STYLE = Automatic;
				CURRENT_PROJECT_VERSION = 1;
				DEVELOPMENT_TEAM = S9VSB6SQAS;
				GENERATE_INFOPLIST_FILE = YES;
				MARKETING_VERSION = 1.0;
				PRODUCT_BUNDLE_IDENTIFIER = com.corduro.network.ARLiveVideoUITests;
				PRODUCT_NAME = "$(TARGET_NAME)";
				SWIFT_EMIT_LOC_STRINGS = NO;
				SWIFT_VERSION = 5.0;
				TARGETED_DEVICE_FAMILY = "1,2";
				TEST_TARGET_NAME = ARLiveVideo;
			};
			name = Release;
		};
/* End XCBuildConfiguration section */

/* Begin XCConfigurationList section */
		12D26A492B02C98800F25169 /* Build configuration list for PBXProject "ARLiveVideo" */ = {
			isa = XCConfigurationList;
			buildConfigurations = (
				12D26A702B02C98A00F25169 /* Debug */,
				12D26A712B02C98A00F25169 /* Release */,
			);
			defaultConfigurationIsVisible = 0;
			defaultConfigurationName = Release;
		};
		12D26A722B02C98A00F25169 /* Build configuration list for PBXNativeTarget "ARLiveVideo" */ = {
			isa = XCConfigurationList;
			buildConfigurations = (
				12D26A732B02C98A00F25169 /* Debug */,
				12D26A742B02C98A00F25169 /* Release */,
			);
			defaultConfigurationIsVisible = 0;
			defaultConfigurationName = Release;
		};
		12D26A752B02C98A00F25169 /* Build configuration list for PBXNativeTarget "ARLiveVideoTests" */ = {
			isa = XCConfigurationList;
			buildConfigurations = (
				12D26A762B02C98A00F25169 /* Debug */,
				12D26A772B02C98A00F25169 /* Release */,
			);
			defaultConfigurationIsVisible = 0;
			defaultConfigurationName = Release;
		};
		12D26A782B02C98A00F25169 /* Build configuration list for PBXNativeTarget "ARLiveVideoUITests" */ = {
			isa = XCConfigurationList;
			buildConfigurations = (
				12D26A792B02C98A00F25169 /* Debug */,
				12D26A7A2B02C98A00F25169 /* Release */,
			);
			defaultConfigurationIsVisible = 0;
			defaultConfigurationName = Release;
		};
/* End XCConfigurationList section */
	};
	rootObject = 12D26A462B02C98800F25169 /* Project object */;
}
